launchpad.net/goyaml	47
github.com/pointlander/peg	e574c0830d386b3124f79d6b460848d7cadb56d4
github.com/codegangsta/cli	16d10cc127e28110987a7b0bd692bbe53f549925
github.com/onsi/ginkgo	884dab811fc3c75f6c9cc51254601b426049cd98
github.com/onsi/gomega	930b4522e0d3027320b5d56f8a375796f2e376e5
github.com/vito/cmdtest	fbd89b77403b5ed2f394946ec8debcc251b96815
